
Microsoft Visual Studio Solution File, Format Version 12.00
# Visual Studio 15
VisualStudioVersion = 15.0.28307.572
MinimumVisualStudioVersion = 10.0.40219.1
Project("{FAE04EC0-301F-11D3-BF4B-00C04F79EFBC}") = "Parser", "Parser\Parser.csproj", "{7DE3C5EE-6461-4E0E-8232-440A8E2B11A8}"
EndProject
Global
	GlobalSection(SolutionConfigurationPlatforms) = preSolution
		Debug|Any CPU = Debug|Any CPU
		Release|Any CPU = Release|Any CPU
	EndGlobalSection
	GlobalSection(ProjectConfigurationPlatforms) = postSolution
		{7DE3C5EE-6461-4E0E-8232-440A8E2B11A8}.Debug|Any CPU.ActiveCfg = Debug|Any CPU
		{7DE3C5EE-6461-4E0E-8232-440A8E2B11A8}.Debug|Any CPU.Build.0 = Debug|Any CPU
		{7DE3C5EE-6461-4E0E-8232-440A8E2B11A8}.Release|Any CPU.ActiveCfg = Release|Any CPU
		{7DE3C5EE-6461-4E0E-8232-440A8E2B11A8}.Release|Any CPU.Build.0 = Release|Any CPU
	EndGlobalSection
	GlobalSection(SolutionProperties) = preSolution
		HideSolutionNode = FALSE
	EndGlobalSection
	GlobalSection(ExtensibilityGlobals) = postSolution
		SolutionGuid = {184C156B-784E-4F73-B313-6AA1EEF4F5B7}
	EndGlobalSection
EndGlobal
